
Microsoft Visual Studio Solution File, Format Version 12.00
# Visual Studio Version 16
VisualStudioVersion = 16.0.33328.57
MinimumVisualStudioVersion = 10.0.40219.1
Project("{FAE04EC0-301F-11D3-BF4B-00C04F79EFBC}") = "Lambda", "Lambda\Lambda.csproj", "{AE0053C2-2C22-461F-9CBA-E9844E7244CE}"
EndProject
Global
	GlobalSection(SolutionConfigurationPlatforms) = preSolution
		Debug|Any CPU = Debug|Any CPU
		Release|Any CPU = Release|Any CPU
	EndGlobalSection
	GlobalSection(ProjectConfigurationPlatforms) = postSolution
		{AE0053C2-2C22-461F-9CBA-E9844E7244CE}.Debug|Any CPU.ActiveCfg = Debug|Any CPU
		{AE0053C2-2C22-461F-9CBA-E9844E7244CE}.Debug|Any CPU.Build.0 = Debug|Any CPU
		{AE0053C2-2C22-461F-9CBA-E9844E7244CE}.Release|Any CPU.ActiveCfg = Release|Any CPU
		{AE0053C2-2C22-461F-9CBA-E9844E7244CE}.Release|Any CPU.Build.0 = Release|Any CPU
	EndGlobalSection
	GlobalSection(SolutionProperties) = preSolution
		HideSolutionNode = FALSE
	EndGlobalSection
	GlobalSection(ExtensibilityGlobals) = postSolution
		SolutionGuid = {2AF43923-9E8C-41B0-818D-ACEE78D21911}
	EndGlobalSection
EndGlobal
